
Microsoft Visual Studio Solution File, Format Version 12.00
# Visual Studio Version 16
VisualStudioVersion = 16.0.28606.126
MinimumVisualStudioVersion = 10.0.40219.1
Project("{FAE04EC0-301F-11D3-BF4B-00C04F79EFBC}") = "EFCoreLazyLoadingDynamicProxy.App", "EFCoreLazyLoadingDynamicProxy.App\EFCoreLazyLoadingDynamicProxy.App.csproj", "{3897FCE3-E785-4372-8678-C253BE5F5AA7}"
EndProject
Global
	GlobalSection(SolutionConfigurationPlatforms) = preSolution
		Debug|Any CPU = Debug|Any CPU
		Release|Any CPU = Release|Any CPU
	EndGlobalSection
	GlobalSection(ProjectConfigurationPlatforms) = postSolution
		{3897FCE3-E785-4372-8678-C253BE5F5AA7}.Debug|Any CPU.ActiveCfg = Debug|Any CPU
		{3897FCE3-E785-4372-8678-C253BE5F5AA7}.Debug|Any CPU.Build.0 = Debug|Any CPU
		{3897FCE3-E785-4372-8678-C253BE5F5AA7}.Release|Any CPU.ActiveCfg = Release|Any CPU
		{3897FCE3-E785-4372-8678-C253BE5F5AA7}.Release|Any CPU.Build.0 = Release|Any CPU
	EndGlobalSection
	GlobalSection(SolutionProperties) = preSolution
		HideSolutionNode = FALSE
	EndGlobalSection
	GlobalSection(ExtensibilityGlobals) = postSolution
		SolutionGuid = {B26ADB68-84FC-481B-B21C-F1C5F00664D3}
	EndGlobalSection
EndGlobal
